
Microsoft Visual Studio Solution File, Format Version 12.00
# Visual Studio Version 16
VisualStudioVersion = 16.0.32802.440
MinimumVisualStudioVersion = 10.0.40219.1
Project("{FAE04EC0-301F-11D3-BF4B-00C04F79EFBC}") = "ConsoleAppEjercicio49", "ConsoleAppEjercicio49\ConsoleAppEjercicio49.csproj", "{E78D156E-E5E8-409F-908E-D6D3E577A87D}"
EndProject
Global
	GlobalSection(SolutionConfigurationPlatforms) = preSolution
		Debug|Any CPU = Debug|Any CPU
		Release|Any CPU = Release|Any CPU
	EndGlobalSection
	GlobalSection(ProjectConfigurationPlatforms) = postSolution
		{E78D156E-E5E8-409F-908E-D6D3E577A87D}.Debug|Any CPU.ActiveCfg = Debug|Any CPU
		{E78D156E-E5E8-409F-908E-D6D3E577A87D}.Debug|Any CPU.Build.0 = Debug|Any CPU
		{E78D156E-E5E8-409F-908E-D6D3E577A87D}.Release|Any CPU.ActiveCfg = Release|Any CPU
		{E78D156E-E5E8-409F-908E-D6D3E577A87D}.Release|Any CPU.Build.0 = Release|Any CPU
	EndGlobalSection
	GlobalSection(SolutionProperties) = preSolution
		HideSolutionNode = FALSE
	EndGlobalSection
	GlobalSection(ExtensibilityGlobals) = postSolution
		SolutionGuid = {DF50DA4A-C2FB-4713-8652-96A72BC9439C}
	EndGlobalSection
EndGlobal
